
Microsoft Visual Studio Solution File, Format Version 12.00
# Visual Studio Version 16
VisualStudioVersion = 16.0.31005.135
MinimumVisualStudioVersion = 10.0.40219.1
Project("{FAE04EC0-301F-11D3-BF4B-00C04F79EFBC}") = "FIGURAS_V1", "FIGURAS_V1\FIGURAS_V1.csproj", "{4D8F1995-CD17-40AF-B636-4B9A1B72F68E}"
EndProject
Global
	GlobalSection(SolutionConfigurationPlatforms) = preSolution
		Debug|Any CPU = Debug|Any CPU
		Release|Any CPU = Release|Any CPU
	EndGlobalSection
	GlobalSection(ProjectConfigurationPlatforms) = postSolution
		{4D8F1995-CD17-40AF-B636-4B9A1B72F68E}.Debug|Any CPU.ActiveCfg = Debug|Any CPU
		{4D8F1995-CD17-40AF-B636-4B9A1B72F68E}.Debug|Any CPU.Build.0 = Debug|Any CPU
		{4D8F1995-CD17-40AF-B636-4B9A1B72F68E}.Release|Any CPU.ActiveCfg = Release|Any CPU
		{4D8F1995-CD17-40AF-B636-4B9A1B72F68E}.Release|Any CPU.Build.0 = Release|Any CPU
	EndGlobalSection
	GlobalSection(SolutionProperties) = preSolution
		HideSolutionNode = FALSE
	EndGlobalSection
	GlobalSection(ExtensibilityGlobals) = postSolution
		SolutionGuid = {5F987BCB-FFD3-4F63-B680-F105BE85F143}
	EndGlobalSection
EndGlobal
